deedles.dev/xiter v0.2.1 h1:yyyfo1sDwARp5lyMvILBJpEI28sIFN0TNYagAdBUa+s=
deedles.dev/xiter v0.2.1/go.mod h1:59997UHUsKAy/8bHUClTfeXdyuLZ6z/+yF++vIpxfx8=
github.com/chewxy/math32 v1.11.1 h1:b7PGHlp8KjylDoU8RrcEsRuGZhJuz8haxnKfuMMRqy8=
github.com/chewxy/math32 v1.11.1/go.mod h1:dOB2rcuFrCn6UHrze36WSLVPKtzPMRAQvBvUwkSsLqs=
github.com/davecgh/go-spew v1.1.1 h1:vj9j/u1bqnvCEfJOwUhtlOARqs3+rkHYY13jYWTU97c=
github.com/davecgh/go-spew v1.1.1/go.mod h1:J7Y8YcW2NihsgmVo/mv3lAwl/skON4iLHjSsI+c5H38=
github.com/igadmg/gamemath v0.0.0-20260101124751-168041cf6efc h1:kq+qCO1SX3zhH99YaWyITrG+vUPrs7UYbCf14P9UzIc=
github.com/igadmg/gamemath v0.0.0-20260101124751-168041cf6efc/go.mod h1:zdDd+ZmkcYvJtuzu0/O8X6g1yueacYmtL9kAjnRA9oU=
github.com/igadmg/goecs v0.0.0-20260101125348-2233052f834e h1:ovXXD5BtlKCxDSJTa5eDbdZ1nT/yKRvkzrFgARoLFrQ=
github.com/igadmg/goecs v0.0.0-20260101125348-2233052f834e/go.mod h1:ghCvxgGjXri7DdF7yQ3C5FYtmMMpGD32GWliORvoaXY=
github.com/igadmg/goex v0.0.0-20260101132820-0d670092b5e1 h1:YoEJiIVlVF+AMR87aHQy5IKrPkamed1Zln5B1OOTL/g=
github.com/igadmg/goex v0.0.0-20260101132820-0d670092b5e1/go.mod h1:Y/B3oeRdRu2ZhVegk7TVDG62/Ox8hQuYHozjxI0w9UE=
github.com/pmezard/go-difflib v1.0.0 h1:4DBwDE0NGyQoBHbLQYPwSUPoCMWR5BEzIk/f1lZbAQM=
github.com/pmezard/go-difflib v1.0.0/go.mod h1:iKH77koFhYxTK1pcRnkKkqfTogsbg7gZNVY4sRDYZ/4=
github.com/stretchr/testify v1.11.1 h1:7s2iGBzp5EwR7/aIZr8ao5+dra3wiQyKjjFuvgVKu7U=
github.com/stretchr/testify v1.11.1/go.mod h1:wZwfW3scLgRK+23gO65QZefKpKQRnfz6sD981Nm4B6U=
golang.org/x/exp v0.0.0-20251219203646-944ab1f22d93 h1:fQsdNF2N+/YewlRZiricy4P1iimyPKZ/xwniHj8Q2a0=
golang.org/x/exp v0.0.0-20251219203646-944ab1f22d93/go.mod h1:EPRbTFwzwjXj9NpYyyrvenVh9Y+GFeEvMNh7Xuz7xgU=
golang.org/x/sys v0.39.0 h1:CvCKL8MeisomCi6qNZ+wbb0DN9E5AATixKsvNtMoMFk=
golang.org/x/sys v0.39.0/go.mod h1:OgkHotnGiDImocRcuBABYBEXf8A9a87e/uXjp9XT3ks=
gopkg.in/yaml.v3 v3.0.1 h1:fxVm/GzAzEWqLHuvctI91KS9hhNmmWOoWu0XTYJS7CA=
gopkg.in/yaml.v3 v3.0.1/go.mod h1:K4uyk7z7BCEPqu6E+C64Yfv1cQ7kz7rIZviUmN+EgEM=
